
Microsoft Visual Studio Solution File, Format Version 12.00
# Visual Studio Version 16
VisualStudioVersion = 16.0.31005.135
MinimumVisualStudioVersion = 10.0.40219.1
Project("{FAE04EC0-301F-11D3-BF4B-00C04F79EFBC}") = "AutomationProyect", "AutomationProyect\AutomationProyect.csproj", "{E6910D2C-F5CF-427E-8AB3-18D171BAB499}"
EndProject
Global
	GlobalSection(SolutionConfigurationPlatforms) = preSolution
		Debug|Any CPU = Debug|Any CPU
		Release|Any CPU = Release|Any CPU
	EndGlobalSection
	GlobalSection(ProjectConfigurationPlatforms) = postSolution
		{E6910D2C-F5CF-427E-8AB3-18D171BAB499}.Debug|Any CPU.ActiveCfg = Debug|Any CPU
		{E6910D2C-F5CF-427E-8AB3-18D171BAB499}.Debug|Any CPU.Build.0 = Debug|Any CPU
		{E6910D2C-F5CF-427E-8AB3-18D171BAB499}.Release|Any CPU.ActiveCfg = Release|Any CPU
		{E6910D2C-F5CF-427E-8AB3-18D171BAB499}.Release|Any CPU.Build.0 = Release|Any CPU
	EndGlobalSection
	GlobalSection(SolutionProperties) = preSolution
		HideSolutionNode = FALSE
	EndGlobalSection
	GlobalSection(ExtensibilityGlobals) = postSolution
		SolutionGuid = {3D02D1D1-A27F-47B0-A419-312BBFFE125D}
	EndGlobalSection
EndGlobal
